// !$*UTF8*$!
{
	archiveVersion = 1;
	classes = {
	};
	objectVersion = 46;
	objects = {

/* Begin PBXBuildFile section */
		AA66C12019D4107200237764 /* main.m in Sources */ = {isa = PBXBuildFile; fileRef = AA66C11F19D4107200237764 /* main.m */; };
		AA66C12319D4107200237764 /* AppDelegate.m in Sources */ = {isa = PBXBuildFile; fileRef = AA66C12219D4107200237764 /* AppDelegate.m */; };
		AA66C12619D4107200237764 /* ViewController.m in Sources */ = {isa = PBXBuildFile; fileRef = AA66C12519D4107200237764 /* ViewController.m */; };
		AA66C12919D4107200237764 /* Main.storyboard in Resources */ = {isa = PBXBuildFile; fileRef = AA66C12719D4107200237764 /* Main.storyboard */; };
		AA66C12B19D4107200237764 /* Images.xcassets in Resources */ = {isa = PBXBuildFile; fileRef = AA66C12A19D4107200237764 /* Images.xcassets */; };
		AA66C12E19D4107200237764 /* LaunchScreen.xib in Resources */ = {isa = PBXBuildFile; fileRef = AA66C12C19D4107200237764 /* LaunchScreen.xib */; };
		AA66C13A19D4107300237764 /* picothru_iPadTests.m in Sources */ = {isa = PBXBuildFile; fileRef = AA66C13919D4107300237764 /* picothru_iPadTests.m */; };
		AA68C70D19D6582A003A7F95 /* PurchaseViewController.m in Sources */ = {isa = PBXBuildFile; fileRef = AA68C70C19D6582A003A7F95 /* PurchaseViewController.m */; };
		AA78FE6D19D579310054783A /* AVFoundation.framework in Frameworks */ = {isa = PBXBuildFile; fileRef = AA78FE6C19D579310054783A /* AVFoundation.framework */; };
		AADD8DF219D87221008184C3 /* QuartzCore.framework in Frameworks */ = {isa = PBXBuildFile; fileRef = AADD8DF119D87221008184C3 /* QuartzCore.framework */; };
		AADD8DF619D87C88008184C3 /* ListTableViewCell.m in Sources */ = {isa = PBXBuildFile; fileRef = AADD8DF419D87C88008184C3 /* ListTableViewCell.m */; };
		AADD8DF719D87C88008184C3 /* ListTableViewCell.xib in Resources */ = {isa = PBXBuildFile; fileRef = AADD8DF519D87C88008184C3 /* ListTableViewCell.xib */; };
/* End PBXBuildFile section */

/* Begin PBXContainerItemProxy section */
		AA66C13419D4107300237764 /* PBXContainerItemProxy */ = {
			isa = PBXContainerItemProxy;
			containerPortal = AA66C11219D4107200237764 /* Project object */;
			proxyType = 1;
			remoteGlobalIDString = AA66C11919D4107200237764;
			remoteInfo = picothru_iPad;
		};
/* End PBXContainerItemProxy section */

/* Begin PBXFileReference section */
		AA66C11A19D4107200237764 /* picothru_iPad.app */ = {isa = PBXFileReference; explicitFileType = wrapper.application; includeInIndex = 0; path = picothru_iPad.app; sourceTree = BUILT_PRODUCTS_DIR; };
		AA66C11E19D4107200237764 /* Info.plist */ = {isa = PBXFileReference; lastKnownFileType = text.plist.xml; path = Info.plist; sourceTree = "<group>"; };
		AA66C11F19D4107200237764 /* main.m */ = {isa = PBXFileReference; lastKnownFileType = sourcecode.c.objc; path = main.m; sourceTree = "<group>"; };
		AA66C12119D4107200237764 /* AppDelegate.h */ = {isa = PBXFileReference; lastKnownFileType = sourcecode.c.h; path = AppDelegate.h; sourceTree = "<group>"; };
		AA66C12219D4107200237764 /* AppDelegate.m */ = {isa = PBXFileReference; lastKnownFileType = sourcecode.c.objc; path = AppDelegate.m; sourceTree = "<group>"; };
		AA66C12419D4107200237764 /* ViewController.h */ = {isa = PBXFileReference; lastKnownFileType = sourcecode.c.h; path = ViewController.h; sourceTree = "<group>"; };
		AA66C12519D4107200237764 /* ViewController.m */ = {isa = PBXFileReference; lastKnownFileType = sourcecode.c.objc; path = ViewController.m; sourceTree = "<group>"; };
		AA66C12819D4107200237764 /* Base */ = {isa = PBXFileReference; lastKnownFileType = file.storyboard; name = Base; path = Base.lproj/Main.storyboard; sourceTree = "<group>"; };
		AA66C12A19D4107200237764 /* Images.xcassets */ = {isa = PBXFileReference; lastKnownFileType = folder.assetcatalog; path = Images.xcassets; sourceTree = "<group>"; };
		AA66C12D19D4107200237764 /* Base */ = {isa = PBXFileReference; lastKnownFileType = file.xib; name = Base; path = Base.lproj/LaunchScreen.xib; sourceTree = "<group>"; };
		AA66C13319D4107200237764 /* picothru_iPadTests.xctest */ = {isa = PBXFileReference; explicitFileType = wrapper.cfbundle; includeInIndex = 0; path = picothru_iPadTests.xctest; sourceTree = BUILT_PRODUCTS_DIR; };
		AA66C13819D4107300237764 /* Info.plist */ = {isa = PBXFileReference; lastKnownFileType = text.plist.xml; path = Info.plist; sourceTree = "<group>"; };
		AA66C13919D4107300237764 /* picothru_iPadTests.m */ = {isa = PBXFileReference; lastKnownFileType = sourcecode.c.objc; path = picothru_iPadTests.m; sourceTree = "<group>"; };
		AA68C70B19D6582A003A7F95 /* PurchaseViewController.h */ = {isa = PBXFileReference; fileEncoding = 4; lastKnownFileType = sourcecode.c.h; path = PurchaseViewController.h; sourceTree = "<group>"; };
		AA68C70C19D6582A003A7F95 /* PurchaseViewController.m */ = {isa = PBXFileReference; fileEncoding = 4; lastKnownFileType = sourcecode.c.objc; path = PurchaseViewController.m; sourceTree = "<group>"; };
		AA78FE6C19D579310054783A /* AVFoundation.framework */ = {isa = PBXFileReference; lastKnownFileType = wrapper.framework; name = AVFoundation.framework; path = System/Library/Frameworks/AVFoundation.framework; sourceTree = SDKROOT; };
		AADD8DF119D87221008184C3 /* QuartzCore.framework */ = {isa = PBXFileReference; lastKnownFileType = wrapper.framework; name = QuartzCore.framework; path = System/Library/Frameworks/QuartzCore.framework; sourceTree = SDKROOT; };
		AADD8DF319D87C88008184C3 /* ListTableViewCell.h */ = {isa = PBXFileReference; fileEncoding = 4; lastKnownFileType = sourcecode.c.h; path = ListTableViewCell.h; sourceTree = "<group>"; };
		AADD8DF419D87C88008184C3 /* ListTableViewCell.m */ = {isa = PBXFileReference; fileEncoding = 4; lastKnownFileType = sourcecode.c.objc; path = ListTableViewCell.m; sourceTree = "<group>"; };
		AADD8DF519D87C88008184C3 /* ListTableViewCell.xib */ = {isa = PBXFileReference; fileEncoding = 4; lastKnownFileType = file.xib; path = ListTableViewCell.xib; sourceTree = "<group>"; };
/* End PBXFileReference section */

/* Begin PBXFrameworksBuildPhase section */
		AA66C11719D4107200237764 /* Frameworks */ = {
			isa = PBXFrameworksBuildPhase;
			buildActionMask = 2147483647;
			files = (
				AADD8DF219D87221008184C3 /* QuartzCore.framework in Frameworks */,
				AA78FE6D19D579310054783A /* AVFoundation.framework in Frameworks */,
			);
			runOnlyForDeploymentPostprocessing = 0;
		};
		AA66C13019D4107200237764 /* Frameworks */ = {
			isa = PBXFrameworksBuildPhase;
			buildActionMask = 2147483647;
			files = (
			);
			runOnlyForDeploymentPostprocessing = 0;
		};
/* End PBXFrameworksBuildPhase section */

/* Begin PBXGroup section */
		AA66C11119D4107200237764 = {
			isa = PBXGroup;
			children = (
				AADD8DF119D87221008184C3 /* QuartzCore.framework */,
				AA78FE6C19D579310054783A /* AVFoundation.framework */,
				AA66C11C19D4107200237764 /* picothru_iPad */,
				AA66C13619D4107300237764 /* picothru_iPadTests */,
				AA66C11B19D4107200237764 /* Products */,
			);
			sourceTree = "<group>";
		};
		AA66C11B19D4107200237764 /* Products */ = {
			isa = PBXGroup;
			children = (
				AA66C11A19D4107200237764 /* picothru_iPad.app */,
				AA66C13319D4107200237764 /* picothru_iPadTests.xctest */,
			);
			name = Products;
			sourceTree = "<group>";
		};
		AA66C11C19D4107200237764 /* picothru_iPad */ = {
			isa = PBXGroup;
			children = (
				AA66C12119D4107200237764 /* AppDelegate.h */,
				AA66C12219D4107200237764 /* AppDelegate.m */,
				AADD8DF319D87C88008184C3 /* ListTableViewCell.h */,
				AADD8DF419D87C88008184C3 /* ListTableViewCell.m */,
				AADD8DF519D87C88008184C3 /* ListTableViewCell.xib */,
				AA68C70B19D6582A003A7F95 /* PurchaseViewController.h */,
				AA68C70C19D6582A003A7F95 /* PurchaseViewController.m */,
				AA66C12419D4107200237764 /* ViewController.h */,
				AA66C12519D4107200237764 /* ViewController.m */,
				AA66C12719D4107200237764 /* Main.storyboard */,
				AA66C12A19D4107200237764 /* Images.xcassets */,
				AA66C12C19D4107200237764 /* LaunchScreen.xib */,
				AA66C11D19D4107200237764 /* Supporting Files */,
			);
			path = picothru_iPad;
			sourceTree = "<group>";
		};
		AA66C11D19D4107200237764 /* Supporting Files */ = {
			isa = PBXGroup;
			children = (
				AA66C11E19D4107200237764 /* Info.plist */,
				AA66C11F19D4107200237764 /* main.m */,
			);
			name = "Supporting Files";
			sourceTree = "<group>";
		};
		AA66C13619D4107300237764 /* picothru_iPadTests */ = {
			isa = PBXGroup;
			children = (
				AA66C13919D4107300237764 /* picothru_iPadTests.m */,
				AA66C13719D4107300237764 /* Supporting Files */,
			);
			path = picothru_iPadTests;
			sourceTree = "<group>";
		};
		AA66C13719D4107300237764 /* Supporting Files */ = {
			isa = PBXGroup;
			children = (
				AA66C13819D4107300237764 /* Info.plist */,
			);
			name = "Supporting Files";
			sourceTree = "<group>";
		};
/* End PBXGroup section */

/* Begin PBXNativeTarget section */
		AA66C11919D4107200237764 /* picothru_iPad */ = {
			isa = PBXNativeTarget;
			buildConfigurationList = AA66C13D19D4107300237764 /* Build configuration list for PBXNativeTarget "picothru_iPad" */;
			buildPhases = (
				AA66C11619D4107200237764 /* Sources */,
				AA66C11719D4107200237764 /* Frameworks */,
				AA66C11819D4107200237764 /* Resources */,
			);
			buildRules = (
			);
			dependencies = (
			);
			name = picothru_iPad;
			productName = picothru_iPad;
			productReference = AA66C11A19D4107200237764 /* picothru_iPad.app */;
			productType = "com.apple.product-type.application";
		};
		AA66C13219D4107200237764 /* picothru_iPadTests */ = {
			isa = PBXNativeTarget;
			buildConfigurationList = AA66C14019D4107300237764 /* Build configuration list for PBXNativeTarget "picothru_iPadTests" */;
			buildPhases = (
				AA66C12F19D4107200237764 /* Sources */,
				AA66C13019D4107200237764 /* Frameworks */,
				AA66C13119D4107200237764 /* Resources */,
			);
			buildRules = (
			);
			dependencies = (
				AA66C13519D4107300237764 /* PBXTargetDependency */,
			);
			name = picothru_iPadTests;
			productName = picothru_iPadTests;
			productReference = AA66C13319D4107200237764 /* picothru_iPadTests.xctest */;
			productType = "com.apple.product-type.bundle.unit-test";
		};
/* End PBXNativeTarget section */

/* Begin PBXProject section */
		AA66C11219D4107200237764 /* Project object */ = {
			isa = PBXProject;
			attributes = {
				LastUpgradeCheck = 0600;
				ORGANIZATIONNAME = "Genki Tanimura";
				TargetAttributes = {
					AA66C11919D4107200237764 = {
						CreatedOnToolsVersion = 6.0.1;
					};
					AA66C13219D4107200237764 = {
						CreatedOnToolsVersion = 6.0.1;
						TestTargetID = AA66C11919D4107200237764;
					};
				};
			};
			buildConfigurationList = AA66C11519D4107200237764 /* Build configuration list for PBXProject "picothru_iPad" */;
			compatibilityVersion = "Xcode 3.2";
			developmentRegion = English;
			hasScannedForEncodings = 0;
			knownRegions = (
				en,
				Base,
			);
			mainGroup = AA66C11119D4107200237764;
			productRefGroup = AA66C11B19D4107200237764 /* Products */;
			projectDirPath = "";
			projectRoot = "";
			targets = (
				AA66C11919D4107200237764 /* picothru_iPad */,
				AA66C13219D4107200237764 /* picothru_iPadTests */,
			);
		};
/* End PBXProject section */

/* Begin PBXResourcesBuildPhase section */
		AA66C11819D4107200237764 /* Resources */ = {
			isa = PBXResourcesBuildPhase;
			buildActionMask = 2147483647;
			files = (
				AA66C12919D4107200237764 /* Main.storyboard in Resources */,
				AADD8DF719D87C88008184C3 /* ListTableViewCell.xib in Resources */,
				AA66C12E19D4107200237764 /* LaunchScreen.xib in Resources */,
				AA66C12B19D4107200237764 /* Images.xcassets in Resources */,
			);
			runOnlyForDeploymentPostprocessing = 0;
		};
		AA66C13119D4107200237764 /* Resources */ = {
			isa = PBXResourcesBuildPhase;
			buildActionMask = 2147483647;
			files = (
			);
			runOnlyForDeploymentPostprocessing = 0;
		};
/* End PBXResourcesBuildPhase section */

/* Begin PBXSourcesBuildPhase section */
		AA66C11619D4107200237764 /* Sources */ = {
			isa = PBXSourcesBuildPhase;
			buildActionMask = 2147483647;
			files = (
				AA68C70D19D6582A003A7F95 /* PurchaseViewController.m in Sources */,
				AA66C12619D4107200237764 /* ViewController.m in Sources */,
				AA66C12319D4107200237764 /* AppDelegate.m in Sources */,
				AA66C12019D4107200237764 /* main.m in Sources */,
				AADD8DF619D87C88008184C3 /* ListTableViewCell.m in Sources */,
			);
			runOnlyForDeploymentPostprocessing = 0;
		};
		AA66C12F19D4107200237764 /* Sources */ = {
			isa = PBXSourcesBuildPhase;
			buildActionMask = 2147483647;
			files = (
				AA66C13A19D4107300237764 /* picothru_iPadTests.m in Sources */,
			);
			runOnlyForDeploymentPostprocessing = 0;
		};
/* End PBXSourcesBuildPhase section */

/* Begin PBXTargetDependency section */
		AA66C13519D4107300237764 /* PBXTargetDependency */ = {
			isa = PBXTargetDependency;
			target = AA66C11919D4107200237764 /* picothru_iPad */;
			targetProxy = AA66C13419D4107300237764 /* PBXContainerItemProxy */;
		};
/* End PBXTargetDependency section */

/* Begin PBXVariantGroup section */
		AA66C12719D4107200237764 /* Main.storyboard */ = {
			isa = PBXVariantGroup;
			children = (
				AA66C12819D4107200237764 /* Base */,
			);
			name = Main.storyboard;
			sourceTree = "<group>";
		};
		AA66C12C19D4107200237764 /* LaunchScreen.xib */ = {
			isa = PBXVariantGroup;
			children = (
				AA66C12D19D4107200237764 /* Base */,
			);
			name = LaunchScreen.xib;
			sourceTree = "<group>";
		};
/* End PBXVariantGroup section */

/* Begin XCBuildConfiguration section */
		AA66C13B19D4107300237764 /* Debug */ = {
			isa = XCBuildConfiguration;
			buildSettings = {
				ALWAYS_SEARCH_USER_PATHS = NO;
				CLANG_CXX_LANGUAGE_STANDARD = "gnu++0x";
				CLANG_CXX_LIBRARY = "libc++";
				CLANG_ENABLE_MODULES = YES;
				CLANG_ENABLE_OBJC_ARC = YES;
				CLANG_WARN_BOOL_CONVERSION = YES;
				CLANG_WARN_CONSTANT_CONVERSION = YES;
				CLANG_WARN_DIRECT_OBJC_ISA_USAGE = YES_ERROR;
				CLANG_WARN_EMPTY_BODY = YES;
				CLANG_WARN_ENUM_CONVERSION = YES;
				CLANG_WARN_INT_CONVERSION = YES;
				CLANG_WARN_OBJC_ROOT_CLASS = YES_ERROR;
				CLANG_WARN_UNREACHABLE_CODE = YES;
				CLANG_WARN__DUPLICATE_METHOD_MATCH = YES;
				"CODE_SIGN_IDENTITY[sdk=iphoneos*]" = "iPhone Developer";
				COPY_PHASE_STRIP = NO;
				ENABLE_STRICT_OBJC_MSGSEND = YES;
				GCC_C_LANGUAGE_STANDARD = gnu99;
				GCC_DYNAMIC_NO_PIC = NO;
				GCC_OPTIMIZATION_LEVEL = 0;
				GCC_PREPROCESSOR_DEFINITIONS = (
					"DEBUG=1",
					"$(inherited)",
				);
				GCC_SYMBOLS_PRIVATE_EXTERN = NO;
				GCC_WARN_64_TO_32_BIT_CONVERSION = YES;
				GCC_WARN_ABOUT_RETURN_TYPE = YES_ERROR;
				GCC_WARN_UNDECLARED_SELECTOR = YES;
				GCC_WARN_UNINITIALIZED_AUTOS = YES_AGGRESSIVE;
				GCC_WARN_UNUSED_FUNCTION = YES;
				GCC_WARN_UNUSED_VARIABLE = YES;
				IPHONEOS_DEPLOYMENT_TARGET = 8.0;
				MTL_ENABLE_DEBUG_INFO = YES;
				ONLY_ACTIVE_ARCH = YES;
				SDKROOT = iphoneos;
				TARGETED_DEVICE_FAMILY = "1,2";
			};
			name = Debug;
		};
		AA66C13C19D4107300237764 /* Release */ = {
			isa = XCBuildConfiguration;
			buildSettings = {
				ALWAYS_SEARCH_USER_PATHS = NO;
				CLANG_CXX_LANGUAGE_STANDARD = "gnu++0x";
				CLANG_CXX_LIBRARY = "libc++";
				CLANG_ENABLE_MODULES = YES;
				CLANG_ENABLE_OBJC_ARC = YES;
				CLANG_WARN_BOOL_CONVERSION = YES;
				CLANG_WARN_CONSTANT_CONVERSION = YES;
				CLANG_WARN_DIRECT_OBJC_ISA_USAGE = YES_ERROR;
				CLANG_WARN_EMPTY_BODY = YES;
				CLANG_WARN_ENUM_CONVERSION = YES;
				CLANG_WARN_INT_CONVERSION = YES;
				CLANG_WARN_OBJC_ROOT_CLASS = YES_ERROR;
				CLANG_WARN_UNREACHABLE_CODE = YES;
				CLANG_WARN__DUPLICATE_METHOD_MATCH = YES;
				"CODE_SIGN_IDENTITY[sdk=iphoneos*]" = "iPhone Developer";
				COPY_PHASE_STRIP = YES;
				ENABLE_NS_ASSERTIONS = NO;
				ENABLE_STRICT_OBJC_MSGSEND = YES;
				GCC_C_LANGUAGE_STANDARD = gnu99;
				GCC_WARN_64_TO_32_BIT_CONVERSION = YES;
				GCC_WARN_ABOUT_RETURN_TYPE = YES_ERROR;
				GCC_WARN_UNDECLARED_SELECTOR = YES;
				GCC_WARN_UNINITIALIZED_AUTOS = YES_AGGRESSIVE;
				GCC_WARN_UNUSED_FUNCTION = YES;
				GCC_WARN_UNUSED_VARIABLE = YES;
				IPHONEOS_DEPLOYMENT_TARGET = 8.0;
				MTL_ENABLE_DEBUG_INFO = NO;
				SDKROOT = iphoneos;
				TARGETED_DEVICE_FAMILY = "1,2";
				VALIDATE_PRODUCT = YES;
			};
			name = Release;
		};
		AA66C13E19D4107300237764 /* Debug */ = {
			isa = XCBuildConfiguration;
			buildSettings = {
				ASSETCATALOG_COMPILER_APPICON_NAME = AppIcon;
				INFOPLIST_FILE = picothru_iPad/Info.plist;
				IPHONEOS_DEPLOYMENT_TARGET = 7.1;
				LD_RUNPATH_SEARCH_PATHS = "$(inherited) @executable_path/Frameworks";
				PRODUCT_NAME = "$(TARGET_NAME)";
				TARGETED_DEVICE_FAMILY = 2;
			};
			name = Debug;
		};
		AA66C13F19D4107300237764 /* Release */ = {
			isa = XCBuildConfiguration;
			buildSettings = {
				ASSETCATALOG_COMPILER_APPICON_NAME = AppIcon;
				INFOPLIST_FILE = picothru_iPad/Info.plist;
				IPHONEOS_DEPLOYMENT_TARGET = 7.1;
				LD_RUNPATH_SEARCH_PATHS = "$(inherited) @executable_path/Frameworks";
				PRODUCT_NAME = "$(TARGET_NAME)";
				TARGETED_DEVICE_FAMILY = 2;
			};
			name = Release;
		};
		AA66C14119D4107300237764 /* Debug */ = {
			isa = XCBuildConfiguration;
			buildSettings = {
				BUNDLE_LOADER = "$(TEST_HOST)";
				FRAMEWORK_SEARCH_PATHS = (
					"$(SDKROOT)/Developer/Library/Frameworks",
					"$(inherited)",
				);
				GCC_PREPROCESSOR_DEFINITIONS = (
					"DEBUG=1",
					"$(inherited)",
				);
				INFOPLIST_FILE = picothru_iPadTests/Info.plist;
				LD_RUNPATH_SEARCH_PATHS = "$(inherited) @executable_path/Frameworks @loader_path/Frameworks";
				PRODUCT_NAME = "$(TARGET_NAME)";
				TEST_HOST = "$(BUILT_PRODUCTS_DIR)/picothru_iPad.app/picothru_iPad";
			};
			name = Debug;
		};
		AA66C14219D4107300237764 /* Release */ = {
			isa = XCBuildConfiguration;
			buildSettings = {
				BUNDLE_LOADER = "$(TEST_HOST)";
				FRAMEWORK_SEARCH_PATHS = (
					"$(SDKROOT)/Developer/Library/Frameworks",
					"$(inherited)",
				);
				INFOPLIST_FILE = picothru_iPadTests/Info.plist;
				LD_RUNPATH_SEARCH_PATHS = "$(inherited) @executable_path/Frameworks @loader_path/Frameworks";
				PRODUCT_NAME = "$(TARGET_NAME)";
				TEST_HOST = "$(BUILT_PRODUCTS_DIR)/picothru_iPad.app/picothru_iPad";
			};
			name = Release;
		};
/* End XCBuildConfiguration section */

/* Begin XCConfigurationList section */
		AA66C11519D4107200237764 /* Build configuration list for PBXProject "picothru_iPad" */ = {
			isa = XCConfigurationList;
			buildConfigurations = (
				AA66C13B19D4107300237764 /* Debug */,
				AA66C13C19D4107300237764 /* Release */,
			);
			defaultConfigurationIsVisible = 0;
			defaultConfigurationName = Release;
		};
		AA66C13D19D4107300237764 /* Build configuration list for PBXNativeTarget "picothru_iPad" */ = {
			isa = XCConfigurationList;
			buildConfigurations = (
				AA66C13E19D4107300237764 /* Debug */,
				AA66C13F19D4107300237764 /* Release */,
			);
			defaultConfigurationIsVisible = 0;
			defaultConfigurationName = Release;
		};
		AA66C14019D4107300237764 /* Build configuration list for PBXNativeTarget "picothru_iPadTests" */ = {
			isa = XCConfigurationList;
			buildConfigurations = (
				AA66C14119D4107300237764 /* Debug */,
				AA66C14219D4107300237764 /* Release */,
			);
			defaultConfigurationIsVisible = 0;
			defaultConfigurationName = Release;
		};
/* End XCConfigurationList section */
	};
	rootObject = AA66C11219D4107200237764 /* Project object */;
}
